// !$*UTF8*$!
{
	archiveVersion = 1;
	classes = {
	};
	objectVersion = 46;
	objects = {

/* Begin PBXBuildFile section */
		7B58A2F01BD6AA8400B32F64 /* AppDelegate.swift in Sources */ = {isa = PBXBuildFile; fileRef = 7B58A2EF1BD6AA8400B32F64 /* AppDelegate.swift */; };
		7B58A2F71BD6AA8400B32F64 /* Assets.xcassets in Resources */ = {isa = PBXBuildFile; fileRef = 7B58A2F61BD6AA8400B32F64 /* Assets.xcassets */; };
		7B58A2FA1BD6AA8400B32F64 /* LaunchScreen.storyboard in Resources */ = {isa = PBXBuildFile; fileRef = 7B58A2F81BD6AA8400B32F64 /* LaunchScreen.storyboard */; };
		7B58A3051BD6AA8400B32F64 /* StableTests.swift in Sources */ = {isa = PBXBuildFile; fileRef = 7B58A3041BD6AA8400B32F64 /* StableTests.swift */; };
		7B58A3101BD6AA8400B32F64 /* StableUITests.swift in Sources */ = {isa = PBXBuildFile; fileRef = 7B58A30F1BD6AA8400B32F64 /* StableUITests.swift */; };
		7B58A3221BD6AAE400B32F64 /* AddEventViewController.swift in Sources */ = {isa = PBXBuildFile; fileRef = 7B58A31D1BD6AAE400B32F64 /* AddEventViewController.swift */; };
		7B58A3231BD6AAE400B32F64 /* DetailViewController.swift in Sources */ = {isa = PBXBuildFile; fileRef = 7B58A31E1BD6AAE400B32F64 /* DetailViewController.swift */; };
		7B58A3251BD6AAE400B32F64 /* NearbyViewController.swift in Sources */ = {isa = PBXBuildFile; fileRef = 7B58A3201BD6AAE400B32F64 /* NearbyViewController.swift */; };
		7B58A3261BD6AAE400B32F64 /* SettingsViewController.swift in Sources */ = {isa = PBXBuildFile; fileRef = 7B58A3211BD6AAE400B32F64 /* SettingsViewController.swift */; };
		7B5DF08B1BDFE69D0077A568 /* Bolts.framework in Frameworks */ = {isa = PBXBuildFile; fileRef = 7B5DF0891BDFE69D0077A568 /* Bolts.framework */; };
		7B5DF08C1BDFE69D0077A568 /* Parse.framework in Frameworks */ = {isa = PBXBuildFile; fileRef = 7B5DF08A1BDFE69D0077A568 /* Parse.framework */; };
		7B5DF08E1BDFE6B30077A568 /* AudioToolbox.framework in Frameworks */ = {isa = PBXBuildFile; fileRef = 7B5DF08D1BDFE6B30077A568 /* AudioToolbox.framework */; };
		7B5DF0901BDFE6C10077A568 /* CFNetwork.framework in Frameworks */ = {isa = PBXBuildFile; fileRef = 7B5DF08F1BDFE6C10077A568 /* CFNetwork.framework */; };
		7B5DF0921BDFE6D40077A568 /* CoreGraphics.framework in Frameworks */ = {isa = PBXBuildFile; fileRef = 7B5DF0911BDFE6D40077A568 /* CoreGraphics.framework */; };
		7B5DF0941BDFE6E00077A568 /* CoreLocation.framework in Frameworks */ = {isa = PBXBuildFile; fileRef = 7B5DF0931BDFE6E00077A568 /* CoreLocation.framework */; };
		7B5DF0961BDFE6F80077A568 /* QuartzCore.framework in Frameworks */ = {isa = PBXBuildFile; fileRef = 7B5DF0951BDFE6F80077A568 /* QuartzCore.framework */; };
		7B5DF0981BDFE7070077A568 /* Security.framework in Frameworks */ = {isa = PBXBuildFile; fileRef = 7B5DF0971BDFE7070077A568 /* Security.framework */; };
		7B5DF09A1BDFE7280077A568 /* StoreKit.framework in Frameworks */ = {isa = PBXBuildFile; fileRef = 7B5DF0991BDFE7280077A568 /* StoreKit.framework */; };
		7B5DF09C1BDFE7330077A568 /* SystemConfiguration.framework in Frameworks */ = {isa = PBXBuildFile; fileRef = 7B5DF09B1BDFE7330077A568 /* SystemConfiguration.framework */; };
		7B5DF09E1BDFE7540077A568 /* libz.tbd in Frameworks */ = {isa = PBXBuildFile; fileRef = 7B5DF09D1BDFE7540077A568 /* libz.tbd */; };
		7B5DF0A01BDFE7710077A568 /* libsqlite3.tbd in Frameworks */ = {isa = PBXBuildFile; fileRef = 7B5DF09F1BDFE7710077A568 /* libsqlite3.tbd */; };
		7B7FC1F11BEEA9300056C2E2 /* Main.storyboard in Resources */ = {isa = PBXBuildFile; fileRef = 7B7FC1F01BEEA9300056C2E2 /* Main.storyboard */; };
		7BFC687F1BF546D8004D0F8F /* LoginViewController.swift in Sources */ = {isa = PBXBuildFile; fileRef = 7BFC687E1BF546D8004D0F8F /* LoginViewController.swift */; };
		7BFC68811BF546E8004D0F8F /* CreateAccountViewController.swift in Sources */ = {isa = PBXBuildFile; fileRef = 7BFC68801BF546E8004D0F8F /* CreateAccountViewController.swift */; };
/* End PBXBuildFile section */

/* Begin PBXContainerItemProxy section */
		7B58A3011BD6AA8400B32F64 /* PBXContainerItemProxy */ = {
			isa = PBXContainerItemProxy;
			containerPortal = 7B58A2E41BD6AA8400B32F64 /* Project object */;
			proxyType = 1;
			remoteGlobalIDString = 7B58A2EB1BD6AA8400B32F64;
			remoteInfo = Stable;
		};
		7B58A30C1BD6AA8400B32F64 /* PBXContainerItemProxy */ = {
			isa = PBXContainerItemProxy;
			containerPortal = 7B58A2E41BD6AA8400B32F64 /* Project object */;
			proxyType = 1;
			remoteGlobalIDString = 7B58A2EB1BD6AA8400B32F64;
			remoteInfo = Stable;
		};
/* End PBXContainerItemProxy section */

/* Begin PBXFileReference section */
		7B58A2EC1BD6AA8400B32F64 /* Stable.app */ = {isa = PBXFileReference; explicitFileType = wrapper.application; includeInIndex = 0; path = Stable.app; sourceTree = BUILT_PRODUCTS_DIR; };
		7B58A2EF1BD6AA8400B32F64 /* AppDelegate.swift */ = {isa = PBXFileReference; lastKnownFileType = sourcecode.swift; path = AppDelegate.swift; sourceTree = "<group>"; };
		7B58A2F61BD6AA8400B32F64 /* Assets.xcassets */ = {isa = PBXFileReference; lastKnownFileType = folder.assetcatalog; path = Assets.xcassets; sourceTree = "<group>"; };
		7B58A2F91BD6AA8400B32F64 /* Base */ = {isa = PBXFileReference; lastKnownFileType = file.storyboard; name = Base; path = Base.lproj/LaunchScreen.storyboard; sourceTree = "<group>"; };
		7B58A2FB1BD6AA8400B32F64 /* Info.plist */ = {isa = PBXFileReference; lastKnownFileType = text.plist.xml; path = Info.plist; sourceTree = "<group>"; };
		7B58A3001BD6AA8400B32F64 /* StableTests.xctest */ = {isa = PBXFileReference; explicitFileType = wrapper.cfbundle; includeInIndex = 0; path = StableTests.xctest; sourceTree = BUILT_PRODUCTS_DIR; };
		7B58A3041BD6AA8400B32F64 /* StableTests.swift */ = {isa = PBXFileReference; lastKnownFileType = sourcecode.swift; path = StableTests.swift; sourceTree = "<group>"; };
		7B58A3061BD6AA8400B32F64 /* Info.plist */ = {isa = PBXFileReference; lastKnownFileType = text.plist.xml; path = Info.plist; sourceTree = "<group>"; };
		7B58A30B1BD6AA8400B32F64 /* StableUITests.xctest */ = {isa = PBXFileReference; explicitFileType = wrapper.cfbundle; includeInIndex = 0; path = StableUITests.xctest; sourceTree = BUILT_PRODUCTS_DIR; };
		7B58A30F1BD6AA8400B32F64 /* StableUITests.swift */ = {isa = PBXFileReference; lastKnownFileType = sourcecode.swift; path = StableUITests.swift; sourceTree = "<group>"; };
		7B58A3111BD6AA8400B32F64 /* Info.plist */ = {isa = PBXFileReference; lastKnownFileType = text.plist.xml; path = Info.plist; sourceTree = "<group>"; };
		7B58A31D1BD6AAE400B32F64 /* AddEventViewController.swift */ = {isa = PBXFileReference; fileEncoding = 4; lastKnownFileType = sourcecode.swift; path = AddEventViewController.swift; sourceTree = "<group>"; };
		7B58A31E1BD6AAE400B32F64 /* DetailViewController.swift */ = {isa = PBXFileReference; fileEncoding = 4; lastKnownFileType = sourcecode.swift; path = DetailViewController.swift; sourceTree = "<group>"; };
		7B58A3201BD6AAE400B32F64 /* NearbyViewController.swift */ = {isa = PBXFileReference; fileEncoding = 4; lastKnownFileType = sourcecode.swift; path = NearbyViewController.swift; sourceTree = "<group>"; };
		7B58A3211BD6AAE400B32F64 /* SettingsViewController.swift */ = {isa = PBXFileReference; fileEncoding = 4; lastKnownFileType = sourcecode.swift; path = SettingsViewController.swift; sourceTree = "<group>"; };
		7B5DF0891BDFE69D0077A568 /* Bolts.framework */ = {isa = PBXFileReference; lastKnownFileType = wrapper.framework; path = Bolts.framework; sourceTree = "<group>"; };
		7B5DF08A1BDFE69D0077A568 /* Parse.framework */ = {isa = PBXFileReference; lastKnownFileType = wrapper.framework; path = Parse.framework; sourceTree = "<group>"; };
		7B5DF08D1BDFE6B30077A568 /* AudioToolbox.framework */ = {isa = PBXFileReference; lastKnownFileType = wrapper.framework; name = AudioToolbox.framework; path = System/Library/Frameworks/AudioToolbox.framework; sourceTree = SDKROOT; };
		7B5DF08F1BDFE6C10077A568 /* CFNetwork.framework */ = {isa = PBXFileReference; lastKnownFileType = wrapper.framework; name = CFNetwork.framework; path = System/Library/Frameworks/CFNetwork.framework; sourceTree = SDKROOT; };
		7B5DF0911BDFE6D40077A568 /* CoreGraphics.framework */ = {isa = PBXFileReference; lastKnownFileType = wrapper.framework; name = CoreGraphics.framework; path = System/Library/Frameworks/CoreGraphics.framework; sourceTree = SDKROOT; };
		7B5DF0931BDFE6E00077A568 /* CoreLocation.framework */ = {isa = PBXFileReference; lastKnownFileType = wrapper.framework; name = CoreLocation.framework; path = System/Library/Frameworks/CoreLocation.framework; sourceTree = SDKROOT; };
		7B5DF0951BDFE6F80077A568 /* QuartzCore.framework */ = {isa = PBXFileReference; lastKnownFileType = wrapper.framework; name = QuartzCore.framework; path = System/Library/Frameworks/QuartzCore.framework; sourceTree = SDKROOT; };
		7B5DF0971BDFE7070077A568 /* Security.framework */ = {isa = PBXFileReference; lastKnownFileType = wrapper.framework; name = Security.framework; path = System/Library/Frameworks/Security.framework; sourceTree = SDKROOT; };
		7B5DF0991BDFE7280077A568 /* StoreKit.framework */ = {isa = PBXFileReference; lastKnownFileType = wrapper.framework; name = StoreKit.framework; path = System/Library/Frameworks/StoreKit.framework; sourceTree = SDKROOT; };
		7B5DF09B1BDFE7330077A568 /* SystemConfiguration.framework */ = {isa = PBXFileReference; lastKnownFileType = wrapper.framework; name = SystemConfiguration.framework; path = System/Library/Frameworks/SystemConfiguration.framework; sourceTree = SDKROOT; };
		7B5DF09D1BDFE7540077A568 /* libz.tbd */ = {isa = PBXFileReference; lastKnownFileType = "sourcecode.text-based-dylib-definition"; name = libz.tbd; path = usr/lib/libz.tbd; sourceTree = SDKROOT; };
		7B5DF09F1BDFE7710077A568 /* libsqlite3.tbd */ = {isa = PBXFileReference; lastKnownFileType = "sourcecode.text-based-dylib-definition"; name = libsqlite3.tbd; path = usr/lib/libsqlite3.tbd; sourceTree = SDKROOT; };
		7B7FC1F01BEEA9300056C2E2 /* Main.storyboard */ = {isa = PBXFileReference; fileEncoding = 4; lastKnownFileType = file.storyboard; path = Main.storyboard; sourceTree = "<group>"; };
		7BFC687E1BF546D8004D0F8F /* LoginViewController.swift */ = {isa = PBXFileReference; fileEncoding = 4; lastKnownFileType = sourcecode.swift; path = LoginViewController.swift; sourceTree = "<group>"; };
		7BFC68801BF546E8004D0F8F /* CreateAccountViewController.swift */ = {isa = PBXFileReference; fileEncoding = 4; lastKnownFileType = sourcecode.swift; path = CreateAccountViewController.swift; sourceTree = "<group>"; };
/* End PBXFileReference section */

/* Begin PBXFrameworksBuildPhase section */
		7B58A2E91BD6AA8400B32F64 /* Frameworks */ = {
			isa = PBXFrameworksBuildPhase;
			buildActionMask = 2147483647;
			files = (
				7B5DF0A01BDFE7710077A568 /* libsqlite3.tbd in Frameworks */,
				7B5DF09E1BDFE7540077A568 /* libz.tbd in Frameworks */,
				7B5DF09C1BDFE7330077A568 /* SystemConfiguration.framework in Frameworks */,
				7B5DF09A1BDFE7280077A568 /* StoreKit.framework in Frameworks */,
				7B5DF0981BDFE7070077A568 /* Security.framework in Frameworks */,
				7B5DF0961BDFE6F80077A568 /* QuartzCore.framework in Frameworks */,
				7B5DF0941BDFE6E00077A568 /* CoreLocation.framework in Frameworks */,
				7B5DF0921BDFE6D40077A568 /* CoreGraphics.framework in Frameworks */,
				7B5DF0901BDFE6C10077A568 /* CFNetwork.framework in Frameworks */,
				7B5DF08E1BDFE6B30077A568 /* AudioToolbox.framework in Frameworks */,
				7B5DF08C1BDFE69D0077A568 /* Parse.framework in Frameworks */,
				7B5DF08B1BDFE69D0077A568 /* Bolts.framework in Frameworks */,
			);
			runOnlyForDeploymentPostprocessing = 0;
		};
		7B58A2FD1BD6AA8400B32F64 /* Frameworks */ = {
			isa = PBXFrameworksBuildPhase;
			buildActionMask = 2147483647;
			files = (
			);
			runOnlyForDeploymentPostprocessing = 0;
		};
		7B58A3081BD6AA8400B32F64 /* Frameworks */ = {
			isa = PBXFrameworksBuildPhase;
			buildActionMask = 2147483647;
			files = (
			);
			runOnlyForDeploymentPostprocessing = 0;
		};
/* End PBXFrameworksBuildPhase section */

/* Begin PBXGroup section */
		7B58A2E31BD6AA8400B32F64 = {
			isa = PBXGroup;
			children = (
				7B58A2EE1BD6AA8400B32F64 /* Stable */,
				7B58A3031BD6AA8400B32F64 /* StableTests */,
				7B58A30E1BD6AA8400B32F64 /* StableUITests */,
				7B58A2ED1BD6AA8400B32F64 /* Products */,
				7B5DF0A11BDFE7790077A568 /* Frameworks */,
			);
			sourceTree = "<group>";
		};
		7B58A2ED1BD6AA8400B32F64 /* Products */ = {
			isa = PBXGroup;
			children = (
				7B58A2EC1BD6AA8400B32F64 /* Stable.app */,
				7B58A3001BD6AA8400B32F64 /* StableTests.xctest */,
				7B58A30B1BD6AA8400B32F64 /* StableUITests.xctest */,
			);
			name = Products;
			sourceTree = "<group>";
		};
		7B58A2EE1BD6AA8400B32F64 /* Stable */ = {
			isa = PBXGroup;
			children = (
				7B58A2EF1BD6AA8400B32F64 /* AppDelegate.swift */,
				7B58A2F61BD6AA8400B32F64 /* Assets.xcassets */,
				7B58A2F81BD6AA8400B32F64 /* LaunchScreen.storyboard */,
				7B58A31D1BD6AAE400B32F64 /* AddEventViewController.swift */,
				7B58A31E1BD6AAE400B32F64 /* DetailViewController.swift */,
				7B58A3201BD6AAE400B32F64 /* NearbyViewController.swift */,
				7B7FC1F01BEEA9300056C2E2 /* Main.storyboard */,
				7BFC687E1BF546D8004D0F8F /* LoginViewController.swift */,
				7BFC68801BF546E8004D0F8F /* CreateAccountViewController.swift */,
				7B58A3211BD6AAE400B32F64 /* SettingsViewController.swift */,
				7B58A2FB1BD6AA8400B32F64 /* Info.plist */,
			);
			path = Stable;
			sourceTree = "<group>";
		};
		7B58A3031BD6AA8400B32F64 /* StableTests */ = {
			isa = PBXGroup;
			children = (
				7B58A3041BD6AA8400B32F64 /* StableTests.swift */,
				7B58A3061BD6AA8400B32F64 /* Info.plist */,
			);
			path = StableTests;
			sourceTree = "<group>";
		};
		7B58A30E1BD6AA8400B32F64 /* StableUITests */ = {
			isa = PBXGroup;
			children = (
				7B58A30F1BD6AA8400B32F64 /* StableUITests.swift */,
				7B58A3111BD6AA8400B32F64 /* Info.plist */,
			);
			path = StableUITests;
			sourceTree = "<group>";
		};
		7B5DF0A11BDFE7790077A568 /* Frameworks */ = {
			isa = PBXGroup;
			children = (
				7B5DF09F1BDFE7710077A568 /* libsqlite3.tbd */,
				7B5DF09D1BDFE7540077A568 /* libz.tbd */,
				7B5DF09B1BDFE7330077A568 /* SystemConfiguration.framework */,
				7B5DF0991BDFE7280077A568 /* StoreKit.framework */,
				7B5DF0971BDFE7070077A568 /* Security.framework */,
				7B5DF0951BDFE6F80077A568 /* QuartzCore.framework */,
				7B5DF0931BDFE6E00077A568 /* CoreLocation.framework */,
				7B5DF0911BDFE6D40077A568 /* CoreGraphics.framework */,
				7B5DF08F1BDFE6C10077A568 /* CFNetwork.framework */,
				7B5DF08D1BDFE6B30077A568 /* AudioToolbox.framework */,
				7B5DF0891BDFE69D0077A568 /* Bolts.framework */,
				7B5DF08A1BDFE69D0077A568 /* Parse.framework */,
			);
			name = Frameworks;
			sourceTree = "<group>";
		};
/* End PBXGroup section */

/* Begin PBXNativeTarget section */
		7B58A2EB1BD6AA8400B32F64 /* Stable */ = {
			isa = PBXNativeTarget;
			buildConfigurationList = 7B58A3141BD6AA8400B32F64 /* Build configuration list for PBXNativeTarget "Stable" */;
			buildPhases = (
				7B58A2E81BD6AA8400B32F64 /* Sources */,
				7B58A2E91BD6AA8400B32F64 /* Frameworks */,
				7B58A2EA1BD6AA8400B32F64 /* Resources */,
			);
			buildRules = (
			);
			dependencies = (
			);
			name = Stable;
			productName = Stable;
			productReference = 7B58A2EC1BD6AA8400B32F64 /* Stable.app */;
			productType = "com.apple.product-type.application";
		};
		7B58A2FF1BD6AA8400B32F64 /* StableTests */ = {
			isa = PBXNativeTarget;
			buildConfigurationList = 7B58A3171BD6AA8400B32F64 /* Build configuration list for PBXNativeTarget "StableTests" */;
			buildPhases = (
				7B58A2FC1BD6AA8400B32F64 /* Sources */,
				7B58A2FD1BD6AA8400B32F64 /* Frameworks */,
				7B58A2FE1BD6AA8400B32F64 /* Resources */,
			);
			buildRules = (
			);
			dependencies = (
				7B58A3021BD6AA8400B32F64 /* PBXTargetDependency */,
			);
			name = StableTests;
			productName = StableTests;
			productReference = 7B58A3001BD6AA8400B32F64 /* StableTests.xctest */;
			productType = "com.apple.product-type.bundle.unit-test";
		};
		7B58A30A1BD6AA8400B32F64 /* StableUITests */ = {
			isa = PBXNativeTarget;
			buildConfigurationList = 7B58A31A1BD6AA8400B32F64 /* Build configuration list for PBXNativeTarget "StableUITests" */;
			buildPhases = (
				7B58A3071BD6AA8400B32F64 /* Sources */,
				7B58A3081BD6AA8400B32F64 /* Frameworks */,
				7B58A3091BD6AA8400B32F64 /* Resources */,
			);
			buildRules = (
			);
			dependencies = (
				7B58A30D1BD6AA8400B32F64 /* PBXTargetDependency */,
			);
			name = StableUITests;
			productName = StableUITests;
			productReference = 7B58A30B1BD6AA8400B32F64 /* StableUITests.xctest */;
			productType = "com.apple.product-type.bundle.ui-testing";
		};
/* End PBXNativeTarget section */

/* Begin PBXProject section */
		7B58A2E41BD6AA8400B32F64 /* Project object */ = {
			isa = PBXProject;
			attributes = {
				LastUpgradeCheck = 0700;
				ORGANIZATIONNAME = "Saameh Malik";
				TargetAttributes = {
					7B58A2EB1BD6AA8400B32F64 = {
						CreatedOnToolsVersion = 7.0.1;
						DevelopmentTeam = UNKUGQ48LL;
					};
					7B58A2FF1BD6AA8400B32F64 = {
						CreatedOnToolsVersion = 7.0.1;
						TestTargetID = 7B58A2EB1BD6AA8400B32F64;
					};
					7B58A30A1BD6AA8400B32F64 = {
						CreatedOnToolsVersion = 7.0.1;
						TestTargetID = 7B58A2EB1BD6AA8400B32F64;
					};
				};
			};
			buildConfigurationList = 7B58A2E71BD6AA8400B32F64 /* Build configuration list for PBXProject "Stable" */;
			compatibilityVersion = "Xcode 3.2";
			developmentRegion = English;
			hasScannedForEncodings = 0;
			knownRegions = (
				en,
				Base,
			);
			mainGroup = 7B58A2E31BD6AA8400B32F64;
			productRefGroup = 7B58A2ED1BD6AA8400B32F64 /* Products */;
			projectDirPath = "";
			projectRoot = "";
			targets = (
				7B58A2EB1BD6AA8400B32F64 /* Stable */,
				7B58A2FF1BD6AA8400B32F64 /* StableTests */,
				7B58A30A1BD6AA8400B32F64 /* StableUITests */,
			);
		};
/* End PBXProject section */

/* Begin PBXResourcesBuildPhase section */
		7B58A2EA1BD6AA8400B32F64 /* Resources */ = {
			isa = PBXResourcesBuildPhase;
			buildActionMask = 2147483647;
			files = (
				7B58A2FA1BD6AA8400B32F64 /* LaunchScreen.storyboard in Resources */,
				7B58A2F71BD6AA8400B32F64 /* Assets.xcassets in Resources */,
				7B7FC1F11BEEA9300056C2E2 /* Main.storyboard in Resources */,
			);
			runOnlyForDeploymentPostprocessing = 0;
		};
		7B58A2FE1BD6AA8400B32F64 /* Resources */ = {
			isa = PBXResourcesBuildPhase;
			buildActionMask = 2147483647;
			files = (
			);
			runOnlyForDeploymentPostprocessing = 0;
		};
		7B58A3091BD6AA8400B32F64 /* Resources */ = {
			isa = PBXResourcesBuildPhase;
			buildActionMask = 2147483647;
			files = (
			);
			runOnlyForDeploymentPostprocessing = 0;
		};
/* End PBXResourcesBuildPhase section */

/* Begin PBXSourcesBuildPhase section */
		7B58A2E81BD6AA8400B32F64 /* Sources */ = {
			isa = PBXSourcesBuildPhase;
			buildActionMask = 2147483647;
			files = (
				7BFC68811BF546E8004D0F8F /* CreateAccountViewController.swift in Sources */,
				7BFC687F1BF546D8004D0F8F /* LoginViewController.swift in Sources */,
				7B58A3231BD6AAE400B32F64 /* DetailViewController.swift in Sources */,
				7B58A2F01BD6AA8400B32F64 /* AppDelegate.swift in Sources */,
				7B58A3251BD6AAE400B32F64 /* NearbyViewController.swift in Sources */,
				7B58A3221BD6AAE400B32F64 /* AddEventViewController.swift in Sources */,
				7B58A3261BD6AAE400B32F64 /* SettingsViewController.swift in Sources */,
			);
			runOnlyForDeploymentPostprocessing = 0;
		};
		7B58A2FC1BD6AA8400B32F64 /* Sources */ = {
			isa = PBXSourcesBuildPhase;
			buildActionMask = 2147483647;
			files = (
				7B58A3051BD6AA8400B32F64 /* StableTests.swift in Sources */,
			);
			runOnlyForDeploymentPostprocessing = 0;
		};
		7B58A3071BD6AA8400B32F64 /* Sources */ = {
			isa = PBXSourcesBuildPhase;
			buildActionMask = 2147483647;
			files = (
				7B58A3101BD6AA8400B32F64 /* StableUITests.swift in Sources */,
			);
			runOnlyForDeploymentPostprocessing = 0;
		};
/* End PBXSourcesBuildPhase section */

/* Begin PBXTargetDependency section */
		7B58A3021BD6AA8400B32F64 /* PBXTargetDependency */ = {
			isa = PBXTargetDependency;
			target = 7B58A2EB1BD6AA8400B32F64 /* Stable */;
			targetProxy = 7B58A3011BD6AA8400B32F64 /* PBXContainerItemProxy */;
		};
		7B58A30D1BD6AA8400B32F64 /* PBXTargetDependency */ = {
			isa = PBXTargetDependency;
			target = 7B58A2EB1BD6AA8400B32F64 /* Stable */;
			targetProxy = 7B58A30C1BD6AA8400B32F64 /* PBXContainerItemProxy */;
		};
/* End PBXTargetDependency section */

/* Begin PBXVariantGroup section */
		7B58A2F81BD6AA8400B32F64 /* LaunchScreen.storyboard */ = {
			isa = PBXVariantGroup;
			children = (
				7B58A2F91BD6AA8400B32F64 /* Base */,
			);
			name = LaunchScreen.storyboard;
			sourceTree = "<group>";
		};
/* End PBXVariantGroup section */

/* Begin XCBuildConfiguration section */
		7B58A3121BD6AA8400B32F64 /* Debug */ = {
			isa = XCBuildConfiguration;
			buildSettings = {
				ALWAYS_SEARCH_USER_PATHS = NO;
				CLANG_CXX_LANGUAGE_STANDARD = "gnu++0x";
				CLANG_CXX_LIBRARY = "libc++";
				CLANG_ENABLE_MODULES = YES;
				CLANG_ENABLE_OBJC_ARC = YES;
				CLANG_WARN_BOOL_CONVERSION = YES;
				CLANG_WARN_CONSTANT_CONVERSION = YES;
				CLANG_WARN_DIRECT_OBJC_ISA_USAGE = YES_ERROR;
				CLANG_WARN_EMPTY_BODY = YES;
				CLANG_WARN_ENUM_CONVERSION = YES;
				CLANG_WARN_INT_CONVERSION = YES;
				CLANG_WARN_OBJC_ROOT_CLASS = YES_ERROR;
				CLANG_WARN_UNREACHABLE_CODE = YES;
				CLANG_WARN__DUPLICATE_METHOD_MATCH = YES;
				"CODE_SIGN_IDENTITY[sdk=iphoneos*]" = "iPhone Developer";
				COPY_PHASE_STRIP = NO;
				DEBUG_INFORMATION_FORMAT = dwarf;
				ENABLE_STRICT_OBJC_MSGSEND = YES;
				ENABLE_TESTABILITY = YES;
				GCC_C_LANGUAGE_STANDARD = gnu99;
				GCC_DYNAMIC_NO_PIC = NO;
				GCC_NO_COMMON_BLOCKS = YES;
				GCC_OPTIMIZATION_LEVEL = 0;
				GCC_PREPROCESSOR_DEFINITIONS = (
					"DEBUG=1",
					"$(inherited)",
				);
				GCC_WARN_64_TO_32_BIT_CONVERSION = YES;
				GCC_WARN_ABOUT_RETURN_TYPE = YES_ERROR;
				GCC_WARN_UNDECLARED_SELECTOR = YES;
				GCC_WARN_UNINITIALIZED_AUTOS = YES_AGGRESSIVE;
				GCC_WARN_UNUSED_FUNCTION = YES;
				GCC_WARN_UNUSED_VARIABLE = YES;
				IPHONEOS_DEPLOYMENT_TARGET = 9.0;
				MTL_ENABLE_DEBUG_INFO = YES;
				ONLY_ACTIVE_ARCH = YES;
				SDKROOT = iphoneos;
				SWIFT_OPTIMIZATION_LEVEL = "-Onone";
				TARGETED_DEVICE_FAMILY = "1,2";
			};
			name = Debug;
		};
		7B58A3131BD6AA8400B32F64 /* Release */ = {
			isa = XCBuildConfiguration;
			buildSettings = {
				ALWAYS_SEARCH_USER_PATHS = NO;
				CLANG_CXX_LANGUAGE_STANDARD = "gnu++0x";
				CLANG_CXX_LIBRARY = "libc++";
				CLANG_ENABLE_MODULES = YES;
				CLANG_ENABLE_OBJC_ARC = YES;
				CLANG_WARN_BOOL_CONVERSION = YES;
				CLANG_WARN_CONSTANT_CONVERSION = YES;
				CLANG_WARN_DIRECT_OBJC_ISA_USAGE = YES_ERROR;
				CLANG_WARN_EMPTY_BODY = YES;
				CLANG_WARN_ENUM_CONVERSION = YES;
				CLANG_WARN_INT_CONVERSION = YES;
				CLANG_WARN_OBJC_ROOT_CLASS = YES_ERROR;
				CLANG_WARN_UNREACHABLE_CODE = YES;
				CLANG_WARN__DUPLICATE_METHOD_MATCH = YES;
				"CODE_SIGN_IDENTITY[sdk=iphoneos*]" = "iPhone Developer";
				COPY_PHASE_STRIP = NO;
				DEBUG_INFORMATION_FORMAT = "dwarf-with-dsym";
				ENABLE_NS_ASSERTIONS = NO;
				ENABLE_STRICT_OBJC_MSGSEND = YES;
				GCC_C_LANGUAGE_STANDARD = gnu99;
				GCC_NO_COMMON_BLOCKS = YES;
				GCC_WARN_64_TO_32_BIT_CONVERSION = YES;
				GCC_WARN_ABOUT_RETURN_TYPE = YES_ERROR;
				GCC_WARN_UNDECLARED_SELECTOR = YES;
				GCC_WARN_UNINITIALIZED_AUTOS = YES_AGGRESSIVE;
				GCC_WARN_UNUSED_FUNCTION = YES;
				GCC_WARN_UNUSED_VARIABLE = YES;
				IPHONEOS_DEPLOYMENT_TARGET = 9.0;
				MTL_ENABLE_DEBUG_INFO = NO;
				SDKROOT = iphoneos;
				TARGETED_DEVICE_FAMILY = "1,2";
				VALIDATE_PRODUCT = YES;
			};
			name = Release;
		};
		7B58A3151BD6AA8400B32F64 /* Debug */ = {
			isa = XCBuildConfiguration;
			buildSettings = {
				ASSETCATALOG_COMPILER_APPICON_NAME = AppIcon;
				CODE_SIGN_IDENTITY = "iPhone Developer";
				"CODE_SIGN_IDENTITY[sdk=iphoneos*]" = "iPhone Developer";
				FRAMEWORK_SEARCH_PATHS = (
					"$(inherited)",
					"$(PROJECT_DIR)",
				);
				INFOPLIST_FILE = Stable/Info.plist;
				IPHONEOS_DEPLOYMENT_TARGET = 8.1;
				LD_RUNPATH_SEARCH_PATHS = "$(inherited) @executable_path/Frameworks";
				PRODUCT_BUNDLE_IDENTIFIER = CKings.Stable;
				PRODUCT_NAME = "$(TARGET_NAME)";
				PROVISIONING_PROFILE = "";
			};
			name = Debug;
		};
		7B58A3161BD6AA8400B32F64 /* Release */ = {
			isa = XCBuildConfiguration;
			buildSettings = {
				ASSETCATALOG_COMPILER_APPICON_NAME = AppIcon;
				CODE_SIGN_IDENTITY = "iPhone Developer";
				"CODE_SIGN_IDENTITY[sdk=iphoneos*]" = "iPhone Developer";
				FRAMEWORK_SEARCH_PATHS = (
					"$(inherited)",
					"$(PROJECT_DIR)",
				);
				INFOPLIST_FILE = Stable/Info.plist;
				IPHONEOS_DEPLOYMENT_TARGET = 8.1;
				LD_RUNPATH_SEARCH_PATHS = "$(inherited) @executable_path/Frameworks";
				PRODUCT_BUNDLE_IDENTIFIER = CKings.Stable;
				PRODUCT_NAME = "$(TARGET_NAME)";
				PROVISIONING_PROFILE = "";
			};
			name = Release;
		};
		7B58A3181BD6AA8400B32F64 /* Debug */ = {
			isa = XCBuildConfiguration;
			buildSettings = {
				BUNDLE_LOADER = "$(TEST_HOST)";
				FRAMEWORK_SEARCH_PATHS = (
					"$(inherited)",
					"$(PROJECT_DIR)/StableTests",
				);
				INFOPLIST_FILE = StableTests/Info.plist;
				LD_RUNPATH_SEARCH_PATHS = "$(inherited) @executable_path/Frameworks @loader_path/Frameworks";
				PRODUCT_BUNDLE_IDENTIFIER = CKings.StableTests;
				PRODUCT_NAME = "$(TARGET_NAME)";
				TEST_HOST = "$(BUILT_PRODUCTS_DIR)/Stable.app/Stable";
			};
			name = Debug;
		};
		7B58A3191BD6AA8400B32F64 /* Release */ = {
			isa = XCBuildConfiguration;
			buildSettings = {
				BUNDLE_LOADER = "$(TEST_HOST)";
				FRAMEWORK_SEARCH_PATHS = (
					"$(inherited)",
					"$(PROJECT_DIR)/StableTests",
				);
				INFOPLIST_FILE = StableTests/Info.plist;
				LD_RUNPATH_SEARCH_PATHS = "$(inherited) @executable_path/Frameworks @loader_path/Frameworks";
				PRODUCT_BUNDLE_IDENTIFIER = CKings.StableTests;
				PRODUCT_NAME = "$(TARGET_NAME)";
				TEST_HOST = "$(BUILT_PRODUCTS_DIR)/Stable.app/Stable";
			};
			name = Release;
		};
		7B58A31B1BD6AA8400B32F64 /* Debug */ = {
			isa = XCBuildConfiguration;
			buildSettings = {
				INFOPLIST_FILE = StableUITests/Info.plist;
				LD_RUNPATH_SEARCH_PATHS = "$(inherited) @executable_path/Frameworks @loader_path/Frameworks";
				PRODUCT_BUNDLE_IDENTIFIER = CKings.StableUITests;
				PRODUCT_NAME = "$(TARGET_NAME)";
				TEST_TARGET_NAME = Stable;
				USES_XCTRUNNER = YES;
			};
			name = Debug;
		};
		7B58A31C1BD6AA8400B32F64 /* Release */ = {
			isa = XCBuildConfiguration;
			buildSettings = {
				INFOPLIST_FILE = StableUITests/Info.plist;
				LD_RUNPATH_SEARCH_PATHS = "$(inherited) @executable_path/Frameworks @loader_path/Frameworks";
				PRODUCT_BUNDLE_IDENTIFIER = CKings.StableUITests;
				PRODUCT_NAME = "$(TARGET_NAME)";
				TEST_TARGET_NAME = Stable;
				USES_XCTRUNNER = YES;
			};
			name = Release;
		};
/* End XCBuildConfiguration section */

/* Begin XCConfigurationList section */
		7B58A2E71BD6AA8400B32F64 /* Build configuration list for PBXProject "Stable" */ = {
			isa = XCConfigurationList;
			buildConfigurations = (
				7B58A3121BD6AA8400B32F64 /* Debug */,
				7B58A3131BD6AA8400B32F64 /* Release */,
			);
			defaultConfigurationIsVisible = 0;
			defaultConfigurationName = Release;
		};
		7B58A3141BD6AA8400B32F64 /* Build configuration list for PBXNativeTarget "Stable" */ = {
			isa = XCConfigurationList;
			buildConfigurations = (
				7B58A3151BD6AA8400B32F64 /* Debug */,
				7B58A3161BD6AA8400B32F64 /* Release */,
			);
			defaultConfigurationIsVisible = 0;
			defaultConfigurationName = Release;
		};
		7B58A3171BD6AA8400B32F64 /* Build configuration list for PBXNativeTarget "StableTests" */ = {
			isa = XCConfigurationList;
			buildConfigurations = (
				7B58A3181BD6AA8400B32F64 /* Debug */,
				7B58A3191BD6AA8400B32F64 /* Release */,
			);
			defaultConfigurationIsVisible = 0;
			defaultConfigurationName = Release;
		};
		7B58A31A1BD6AA8400B32F64 /* Build configuration list for PBXNativeTarget "StableUITests" */ = {
			isa = XCConfigurationList;
			buildConfigurations = (
				7B58A31B1BD6AA8400B32F64 /* Debug */,
				7B58A31C1BD6AA8400B32F64 /* Release */,
			);
			defaultConfigurationIsVisible = 0;
			defaultConfigurationName = Release;
		};
/* End XCConfigurationList section */
	};
	rootObject = 7B58A2E41BD6AA8400B32F64 /* Project object */;
}
